// !$*UTF8*$!
{
	archiveVersion = 1;
	classes = {
	};
	objectVersion = 46;
	objects = {

/* Begin PBXBuildFile section */
		2589AD1F1DB1CA9D004482E7 /* AppDelegate.swift in Sources */ = {isa = PBXBuildFile; fileRef = 2589AD1E1DB1CA9D004482E7 /* AppDelegate.swift */; };
		2589AD241DB1CA9D004482E7 /* Main.storyboard in Resources */ = {isa = PBXBuildFile; fileRef = 2589AD221DB1CA9D004482E7 /* Main.storyboard */; };
		2589AD261DB1CA9D004482E7 /* Assets.xcassets in Resources */ = {isa = PBXBuildFile; fileRef = 2589AD251DB1CA9D004482E7 /* Assets.xcassets */; };
		2589AD291DB1CA9D004482E7 /* LaunchScreen.storyboard in Resources */ = {isa = PBXBuildFile; fileRef = 2589AD271DB1CA9D004482E7 /* LaunchScreen.storyboard */; };
		2589AD341DB1CA9D004482E7 /* BookTraderUITests.swift in Sources */ = {isa = PBXBuildFile; fileRef = 2589AD331DB1CA9D004482E7 /* BookTraderUITests.swift */; };
		2589AD3F1DB1CC6E004482E7 /* LandingPageViewController.swift in Sources */ = {isa = PBXBuildFile; fileRef = 2589AD3E1DB1CC6E004482E7 /* LandingPageViewController.swift */; };
		2589AD421DB1DC98004482E7 /* HomePageViewController.swift in Sources */ = {isa = PBXBuildFile; fileRef = 2589AD411DB1DC98004482E7 /* HomePageViewController.swift */; };
/* End PBXBuildFile section */

/* Begin PBXContainerItemProxy section */
		2589AD301DB1CA9D004482E7 /* PBXContainerItemProxy */ = {
			isa = PBXContainerItemProxy;
			containerPortal = 2589AD131DB1CA9C004482E7 /* Project object */;
			proxyType = 1;
			remoteGlobalIDString = 2589AD1A1DB1CA9C004482E7;
			remoteInfo = BookTrader;
		};
/* End PBXContainerItemProxy section */

/* Begin PBXFileReference section */
		2589AD1B1DB1CA9D004482E7 /* BookTrader.app */ = {isa = PBXFileReference; explicitFileType = wrapper.application; includeInIndex = 0; path = BookTrader.app; sourceTree = BUILT_PRODUCTS_DIR; };
		2589AD1E1DB1CA9D004482E7 /* AppDelegate.swift */ = {isa = PBXFileReference; lastKnownFileType = sourcecode.swift; path = AppDelegate.swift; sourceTree = "<group>"; };
		2589AD231DB1CA9D004482E7 /* Base */ = {isa = PBXFileReference; lastKnownFileType = file.storyboard; name = Base; path = Base.lproj/Main.storyboard; sourceTree = "<group>"; };
		2589AD251DB1CA9D004482E7 /* Assets.xcassets */ = {isa = PBXFileReference; lastKnownFileType = folder.assetcatalog; path = Assets.xcassets; sourceTree = "<group>"; };
		2589AD281DB1CA9D004482E7 /* Base */ = {isa = PBXFileReference; lastKnownFileType = file.storyboard; name = Base; path = Base.lproj/LaunchScreen.storyboard; sourceTree = "<group>"; };
		2589AD2A1DB1CA9D004482E7 /* Info.plist */ = {isa = PBXFileReference; lastKnownFileType = text.plist.xml; path = Info.plist; sourceTree = "<group>"; };
		2589AD2F1DB1CA9D004482E7 /* BookTraderUITests.xctest */ = {isa = PBXFileReference; explicitFileType = wrapper.cfbundle; includeInIndex = 0; path = BookTraderUITests.xctest; sourceTree = BUILT_PRODUCTS_DIR; };
		2589AD331DB1CA9D004482E7 /* BookTraderUITests.swift */ = {isa = PBXFileReference; lastKnownFileType = sourcecode.swift; path = BookTraderUITests.swift; sourceTree = "<group>"; };
		2589AD351DB1CA9D004482E7 /* Info.plist */ = {isa = PBXFileReference; lastKnownFileType = text.plist.xml; path = Info.plist; sourceTree = "<group>"; };
		2589AD3E1DB1CC6E004482E7 /* LandingPageViewController.swift */ = {isa = PBXFileReference; fileEncoding = 4; lastKnownFileType = sourcecode.swift; path = LandingPageViewController.swift; sourceTree = "<group>"; };
		2589AD411DB1DC98004482E7 /* HomePageViewController.swift */ = {isa = PBXFileReference; fileEncoding = 4; lastKnownFileType = sourcecode.swift; path = HomePageViewController.swift; sourceTree = "<group>"; };
/* End PBXFileReference section */

/* Begin PBXFrameworksBuildPhase section */
		2589AD181DB1CA9C004482E7 /* Frameworks */ = {
			isa = PBXFrameworksBuildPhase;
			buildActionMask = 2147483647;
			files = (
			);
			runOnlyForDeploymentPostprocessing = 0;
		};
		2589AD2C1DB1CA9D004482E7 /* Frameworks */ = {
			isa = PBXFrameworksBuildPhase;
			buildActionMask = 2147483647;
			files = (
			);
			runOnlyForDeploymentPostprocessing = 0;
		};
/* End PBXFrameworksBuildPhase section */

/* Begin PBXGroup section */
		2589AD121DB1CA9C004482E7 = {
			isa = PBXGroup;
			children = (
				2589AD1D1DB1CA9D004482E7 /* BookTrader */,
				2589AD321DB1CA9D004482E7 /* BookTraderUITests */,
				2589AD1C1DB1CA9D004482E7 /* Products */,
			);
			sourceTree = "<group>";
		};
		2589AD1C1DB1CA9D004482E7 /* Products */ = {
			isa = PBXGroup;
			children = (
				2589AD1B1DB1CA9D004482E7 /* BookTrader.app */,
				2589AD2F1DB1CA9D004482E7 /* BookTraderUITests.xctest */,
			);
			name = Products;
			sourceTree = "<group>";
		};
		2589AD1D1DB1CA9D004482E7 /* BookTrader */ = {
			isa = PBXGroup;
			children = (
				2589AD401DB1CC74004482E7 /* View Controllers */,
				2589AD1E1DB1CA9D004482E7 /* AppDelegate.swift */,
				2589AD221DB1CA9D004482E7 /* Main.storyboard */,
				2589AD251DB1CA9D004482E7 /* Assets.xcassets */,
				2589AD271DB1CA9D004482E7 /* LaunchScreen.storyboard */,
				2589AD2A1DB1CA9D004482E7 /* Info.plist */,
			);
			path = BookTrader;
			sourceTree = "<group>";
		};
		2589AD321DB1CA9D004482E7 /* BookTraderUITests */ = {
			isa = PBXGroup;
			children = (
				2589AD331DB1CA9D004482E7 /* BookTraderUITests.swift */,
				2589AD351DB1CA9D004482E7 /* Info.plist */,
			);
			path = BookTraderUITests;
			sourceTree = "<group>";
		};
		2589AD401DB1CC74004482E7 /* View Controllers */ = {
			isa = PBXGroup;
			children = (
				2589AD3E1DB1CC6E004482E7 /* LandingPageViewController.swift */,
				2589AD411DB1DC98004482E7 /* HomePageViewController.swift */,
			);
			name = "View Controllers";
			sourceTree = "<group>";
		};
/* End PBXGroup section */

/* Begin PBXNativeTarget section */
		2589AD1A1DB1CA9C004482E7 /* BookTrader */ = {
			isa = PBXNativeTarget;
			buildConfigurationList = 2589AD381DB1CA9D004482E7 /* Build configuration list for PBXNativeTarget "BookTrader" */;
			buildPhases = (
				2589AD171DB1CA9C004482E7 /* Sources */,
				2589AD181DB1CA9C004482E7 /* Frameworks */,
				2589AD191DB1CA9C004482E7 /* Resources */,
			);
			buildRules = (
			);
			dependencies = (
			);
			name = BookTrader;
			productName = BookTrader;
			productReference = 2589AD1B1DB1CA9D004482E7 /* BookTrader.app */;
			productType = "com.apple.product-type.application";
		};
		2589AD2E1DB1CA9D004482E7 /* BookTraderUITests */ = {
			isa = PBXNativeTarget;
			buildConfigurationList = 2589AD3B1DB1CA9D004482E7 /* Build configuration list for PBXNativeTarget "BookTraderUITests" */;
			buildPhases = (
				2589AD2B1DB1CA9D004482E7 /* Sources */,
				2589AD2C1DB1CA9D004482E7 /* Frameworks */,
				2589AD2D1DB1CA9D004482E7 /* Resources */,
			);
			buildRules = (
			);
			dependencies = (
				2589AD311DB1CA9D004482E7 /* PBXTargetDependency */,
			);
			name = BookTraderUITests;
			productName = BookTraderUITests;
			productReference = 2589AD2F1DB1CA9D004482E7 /* BookTraderUITests.xctest */;
			productType = "com.apple.product-type.bundle.ui-testing";
		};
/* End PBXNativeTarget section */

/* Begin PBXProject section */
		2589AD131DB1CA9C004482E7 /* Project object */ = {
			isa = PBXProject;
			attributes = {
				LastSwiftUpdateCheck = 0800;
				LastUpgradeCheck = 0800;
				ORGANIZATIONNAME = "Tony Forsythe";
				TargetAttributes = {
					2589AD1A1DB1CA9C004482E7 = {
						CreatedOnToolsVersion = 8.0;
						ProvisioningStyle = Automatic;
					};
					2589AD2E1DB1CA9D004482E7 = {
						CreatedOnToolsVersion = 8.0;
						ProvisioningStyle = Automatic;
						TestTargetID = 2589AD1A1DB1CA9C004482E7;
					};
				};
			};
			buildConfigurationList = 2589AD161DB1CA9C004482E7 /* Build configuration list for PBXProject "BookTrader" */;
			compatibilityVersion = "Xcode 3.2";
			developmentRegion = English;
			hasScannedForEncodings = 0;
			knownRegions = (
				en,
				Base,
			);
			mainGroup = 2589AD121DB1CA9C004482E7;
			productRefGroup = 2589AD1C1DB1CA9D004482E7 /* Products */;
			projectDirPath = "";
			projectRoot = "";
			targets = (
				2589AD1A1DB1CA9C004482E7 /* BookTrader */,
				2589AD2E1DB1CA9D004482E7 /* BookTraderUITests */,
			);
		};
/* End PBXProject section */

/* Begin PBXResourcesBuildPhase section */
		2589AD191DB1CA9C004482E7 /* Resources */ = {
			isa = PBXResourcesBuildPhase;
			buildActionMask = 2147483647;
			files = (
				2589AD291DB1CA9D004482E7 /* LaunchScreen.storyboard in Resources */,
				2589AD261DB1CA9D004482E7 /* Assets.xcassets in Resources */,
				2589AD241DB1CA9D004482E7 /* Main.storyboard in Resources */,
			);
			runOnlyForDeploymentPostprocessing = 0;
		};
		2589AD2D1DB1CA9D004482E7 /* Resources */ = {
			isa = PBXResourcesBuildPhase;
			buildActionMask = 2147483647;
			files = (
			);
			runOnlyForDeploymentPostprocessing = 0;
		};
/* End PBXResourcesBuildPhase section */

/* Begin PBXSourcesBuildPhase section */
		2589AD171DB1CA9C004482E7 /* Sources */ = {
			isa = PBXSourcesBuildPhase;
			buildActionMask = 2147483647;
			files = (
				2589AD1F1DB1CA9D004482E7 /* AppDelegate.swift in Sources */,
				2589AD3F1DB1CC6E004482E7 /* LandingPageViewController.swift in Sources */,
				2589AD421DB1DC98004482E7 /* HomePageViewController.swift in Sources */,
			);
			runOnlyForDeploymentPostprocessing = 0;
		};
		2589AD2B1DB1CA9D004482E7 /* Sources */ = {
			isa = PBXSourcesBuildPhase;
			buildActionMask = 2147483647;
			files = (
				2589AD341DB1CA9D004482E7 /* BookTraderUITests.swift in Sources */,
			);
			runOnlyForDeploymentPostprocessing = 0;
		};
/* End PBXSourcesBuildPhase section */

/* Begin PBXTargetDependency section */
		2589AD311DB1CA9D004482E7 /* PBXTargetDependency */ = {
			isa = PBXTargetDependency;
			target = 2589AD1A1DB1CA9C004482E7 /* BookTrader */;
			targetProxy = 2589AD301DB1CA9D004482E7 /* PBXContainerItemProxy */;
		};
/* End PBXTargetDependency section */

/* Begin PBXVariantGroup section */
		2589AD221DB1CA9D004482E7 /* Main.storyboard */ = {
			isa = PBXVariantGroup;
			children = (
				2589AD231DB1CA9D004482E7 /* Base */,
			);
			name = Main.storyboard;
			sourceTree = "<group>";
		};
		2589AD271DB1CA9D004482E7 /* LaunchScreen.storyboard */ = {
			isa = PBXVariantGroup;
			children = (
				2589AD281DB1CA9D004482E7 /* Base */,
			);
			name = LaunchScreen.storyboard;
			sourceTree = "<group>";
		};
/* End PBXVariantGroup section */

/* Begin XCBuildConfiguration section */
		2589AD361DB1CA9D004482E7 /* Debug */ = {
			isa = XCBuildConfiguration;
			buildSettings = {
				ALWAYS_SEARCH_USER_PATHS = NO;
				CLANG_ANALYZER_NONNULL = YES;
				CLANG_CXX_LANGUAGE_STANDARD = "gnu++0x";
				CLANG_CXX_LIBRARY = "libc++";
				CLANG_ENABLE_MODULES = YES;
				CLANG_ENABLE_OBJC_ARC = YES;
				CLANG_WARN_BOOL_CONVERSION = YES;
				CLANG_WARN_CONSTANT_CONVERSION = YES;
				CLANG_WARN_DIRECT_OBJC_ISA_USAGE = YES_ERROR;
				CLANG_WARN_DOCUMENTATION_COMMENTS = YES;
				CLANG_WARN_EMPTY_BODY = YES;
				CLANG_WARN_ENUM_CONVERSION = YES;
				CLANG_WARN_INFINITE_RECURSION = YES;
				CLANG_WARN_INT_CONVERSION = YES;
				CLANG_WARN_OBJC_ROOT_CLASS = YES_ERROR;
				CLANG_WARN_SUSPICIOUS_MOVES = YES;
				CLANG_WARN_UNREACHABLE_CODE = YES;
				CLANG_WARN__DUPLICATE_METHOD_MATCH = YES;
				"CODE_SIGN_IDENTITY[sdk=iphoneos*]" = "iPhone Developer";
				COPY_PHASE_STRIP = NO;
				DEBUG_INFORMATION_FORMAT = dwarf;
				ENABLE_STRICT_OBJC_MSGSEND = YES;
				ENABLE_TESTABILITY = YES;
				GCC_C_LANGUAGE_STANDARD = gnu99;
				GCC_DYNAMIC_NO_PIC = NO;
				GCC_NO_COMMON_BLOCKS = YES;
				GCC_OPTIMIZATION_LEVEL = 0;
				GCC_PREPROCESSOR_DEFINITIONS = (
					"DEBUG=1",
					"$(inherited)",
				);
				GCC_WARN_64_TO_32_BIT_CONVERSION = YES;
				GCC_WARN_ABOUT_RETURN_TYPE = YES_ERROR;
				GCC_WARN_UNDECLARED_SELECTOR = YES;
				GCC_WARN_UNINITIALIZED_AUTOS = YES_AGGRESSIVE;
				GCC_WARN_UNUSED_FUNCTION = YES;
				GCC_WARN_UNUSED_VARIABLE = YES;
				IPHONEOS_DEPLOYMENT_TARGET = 10.0;
				MTL_ENABLE_DEBUG_INFO = YES;
				ONLY_ACTIVE_ARCH = YES;
				SDKROOT = iphoneos;
				SWIFT_ACTIVE_COMPILATION_CONDITIONS = DEBUG;
				SWIFT_OPTIMIZATION_LEVEL = "-Onone";
			};
			name = Debug;
		};
		2589AD371DB1CA9D004482E7 /* Release */ = {
			isa = XCBuildConfiguration;
			buildSettings = {
				ALWAYS_SEARCH_USER_PATHS = NO;
				CLANG_ANALYZER_NONNULL = YES;
				CLANG_CXX_LANGUAGE_STANDARD = "gnu++0x";
				CLANG_CXX_LIBRARY = "libc++";
				CLANG_ENABLE_MODULES = YES;
				CLANG_ENABLE_OBJC_ARC = YES;
				CLANG_WARN_BOOL_CONVERSION = YES;
				CLANG_WARN_CONSTANT_CONVERSION = YES;
				CLANG_WARN_DIRECT_OBJC_ISA_USAGE = YES_ERROR;
				CLANG_WARN_DOCUMENTATION_COMMENTS = YES;
				CLANG_WARN_EMPTY_BODY = YES;
				CLANG_WARN_ENUM_CONVERSION = YES;
				CLANG_WARN_INFINITE_RECURSION = YES;
				CLANG_WARN_INT_CONVERSION = YES;
				CLANG_WARN_OBJC_ROOT_CLASS = YES_ERROR;
				CLANG_WARN_SUSPICIOUS_MOVES = YES;
				CLANG_WARN_UNREACHABLE_CODE = YES;
				CLANG_WARN__DUPLICATE_METHOD_MATCH = YES;
				"CODE_SIGN_IDENTITY[sdk=iphoneos*]" = "iPhone Developer";
				COPY_PHASE_STRIP = NO;
				DEBUG_INFORMATION_FORMAT = "dwarf-with-dsym";
				ENABLE_NS_ASSERTIONS = NO;
				ENABLE_STRICT_OBJC_MSGSEND = YES;
				GCC_C_LANGUAGE_STANDARD = gnu99;
				GCC_NO_COMMON_BLOCKS = YES;
				GCC_WARN_64_TO_32_BIT_CONVERSION = YES;
				GCC_WARN_ABOUT_RETURN_TYPE = YES_ERROR;
				GCC_WARN_UNDECLARED_SELECTOR = YES;
				GCC_WARN_UNINITIALIZED_AUTOS = YES_AGGRESSIVE;
				GCC_WARN_UNUSED_FUNCTION = YES;
				GCC_WARN_UNUSED_VARIABLE = YES;
				IPHONEOS_DEPLOYMENT_TARGET = 10.0;
				MTL_ENABLE_DEBUG_INFO = NO;
				SDKROOT = iphoneos;
				SWIFT_OPTIMIZATION_LEVEL = "-Owholemodule";
				VALIDATE_PRODUCT = YES;
			};
			name = Release;
		};
		2589AD391DB1CA9D004482E7 /* Debug */ = {
			isa = XCBuildConfiguration;
			buildSettings = {
				ASSETCATALOG_COMPILER_APPICON_NAME = AppIcon;
				INFOPLIST_FILE = BookTrader/Info.plist;
				LD_RUNPATH_SEARCH_PATHS = "$(inherited) @executable_path/Frameworks";
				PRODUCT_BUNDLE_IDENTIFIER = tony.BookTrader;
				PRODUCT_NAME = "$(TARGET_NAME)";
				SWIFT_VERSION = 3.0;
			};
			name = Debug;
		};
		2589AD3A1DB1CA9D004482E7 /* Release */ = {
			isa = XCBuildConfiguration;
			buildSettings = {
				ASSETCATALOG_COMPILER_APPICON_NAME = AppIcon;
				INFOPLIST_FILE = BookTrader/Info.plist;
				LD_RUNPATH_SEARCH_PATHS = "$(inherited) @executable_path/Frameworks";
				PRODUCT_BUNDLE_IDENTIFIER = tony.BookTrader;
				PRODUCT_NAME = "$(TARGET_NAME)";
				SWIFT_VERSION = 3.0;
			};
			name = Release;
		};
		2589AD3C1DB1CA9D004482E7 /* Debug */ = {
			isa = XCBuildConfiguration;
			buildSettings = {
				ALWAYS_EMBED_SWIFT_STANDARD_LIBRARIES = YES;
				INFOPLIST_FILE = BookTraderUITests/Info.plist;
				LD_RUNPATH_SEARCH_PATHS = "$(inherited) @executable_path/Frameworks @loader_path/Frameworks";
				PRODUCT_BUNDLE_IDENTIFIER = tony.BookTraderUITests;
				PRODUCT_NAME = "$(TARGET_NAME)";
				SWIFT_VERSION = 3.0;
				TEST_TARGET_NAME = BookTrader;
			};
			name = Debug;
		};
		2589AD3D1DB1CA9D004482E7 /* Release */ = {
			isa = XCBuildConfiguration;
			buildSettings = {
				ALWAYS_EMBED_SWIFT_STANDARD_LIBRARIES = YES;
				INFOPLIST_FILE = BookTraderUITests/Info.plist;
				LD_RUNPATH_SEARCH_PATHS = "$(inherited) @executable_path/Frameworks @loader_path/Frameworks";
				PRODUCT_BUNDLE_IDENTIFIER = tony.BookTraderUITests;
				PRODUCT_NAME = "$(TARGET_NAME)";
				SWIFT_VERSION = 3.0;
				TEST_TARGET_NAME = BookTrader;
			};
			name = Release;
		};
/* End XCBuildConfiguration section */

/* Begin XCConfigurationList section */
		2589AD161DB1CA9C004482E7 /* Build configuration list for PBXProject "BookTrader" */ = {
			isa = XCConfigurationList;
			buildConfigurations = (
				2589AD361DB1CA9D004482E7 /* Debug */,
				2589AD371DB1CA9D004482E7 /* Release */,
			);
			defaultConfigurationIsVisible = 0;
			defaultConfigurationName = Release;
		};
		2589AD381DB1CA9D004482E7 /* Build configuration list for PBXNativeTarget "BookTrader" */ = {
			isa = XCConfigurationList;
			buildConfigurations = (
				2589AD391DB1CA9D004482E7 /* Debug */,
				2589AD3A1DB1CA9D004482E7 /* Release */,
			);
			defaultConfigurationIsVisible = 0;
		};
		2589AD3B1DB1CA9D004482E7 /* Build configuration list for PBXNativeTarget "BookTraderUITests" */ = {
			isa = XCConfigurationList;
			buildConfigurations = (
				2589AD3C1DB1CA9D004482E7 /* Debug */,
				2589AD3D1DB1CA9D004482E7 /* Release */,
			);
			defaultConfigurationIsVisible = 0;
		};
/* End XCConfigurationList section */
	};
	rootObject = 2589AD131DB1CA9C004482E7 /* Project object */;
}
