// !$*UTF8*$!
{
	archiveVersion = 1;
	classes = {
	};
	objectVersion = 46;
	objects = {

/* Begin PBXBuildFile section */
		2589AD1F1DB1CA9D004482E7 /* AppDelegate.swift in Sources */ = {isa = PBXBuildFile; fileRef = 2589AD1E1DB1CA9D004482E7 /* AppDelegate.swift */; };
		2589AD241DB1CA9D004482E7 /* Main.storyboard in Resources */ = {isa = PBXBuildFile; fileRef = 2589AD221DB1CA9D004482E7 /* Main.storyboard */; };
		2589AD261DB1CA9D004482E7 /* Assets.xcassets in Resources */ = {isa = PBXBuildFile; fileRef = 2589AD251DB1CA9D004482E7 /* Assets.xcassets */; };
		2589AD291DB1CA9D004482E7 /* LaunchScreen.storyboard in Resources */ = {isa = PBXBuildFile; fileRef = 2589AD271DB1CA9D004482E7 /* LaunchScreen.storyboard */; };
		2589AD341DB1CA9D004482E7 /* BookTraderUITests.swift in Sources */ = {isa = PBXBuildFile; fileRef = 2589AD331DB1CA9D004482E7 /* BookTraderUITests.swift */; };
		2589AD3F1DB1CC6E004482E7 /* LandingPageViewController.swift in Sources */ = {isa = PBXBuildFile; fileRef = 2589AD3E1DB1CC6E004482E7 /* LandingPageViewController.swift */; };
		2589AD421DB1DC98004482E7 /* HomePageViewController.swift in Sources */ = {isa = PBXBuildFile; fileRef = 2589AD411DB1DC98004482E7 /* HomePageViewController.swift */; };
		2589AD471DB1E69E004482E7 /* DataCommunicator.swift in Sources */ = {isa = PBXBuildFile; fileRef = 2589AD461DB1E69E004482E7 /* DataCommunicator.swift */; };
		2589AD491DB1E870004482E7 /* Helpers.swift in Sources */ = {isa = PBXBuildFile; fileRef = 2589AD481DB1E870004482E7 /* Helpers.swift */; };
		2589AD4C1DB1E8CA004482E7 /* Globals.swift in Sources */ = {isa = PBXBuildFile; fileRef = 2589AD4B1DB1E8CA004482E7 /* Globals.swift */; };
		2589AD4E1DB1EAC5004482E7 /* Colors.swift in Sources */ = {isa = PBXBuildFile; fileRef = 2589AD4D1DB1EAC5004482E7 /* Colors.swift */; };
		259AD1DB1DB211F5003826FB /* UserInfo.swift in Sources */ = {isa = PBXBuildFile; fileRef = 259AD1DA1DB211F5003826FB /* UserInfo.swift */; };
		259AD1DD1DB217DC003826FB /* MapKit.framework in Frameworks */ = {isa = PBXBuildFile; fileRef = 259AD1DC1DB217DC003826FB /* MapKit.framework */; };
		259AD1DF1DB217EE003826FB /* LocationManager.swift in Sources */ = {isa = PBXBuildFile; fileRef = 259AD1DE1DB217EE003826FB /* LocationManager.swift */; };
		259AD1E11DB21BFD003826FB /* CoreLocation.framework in Frameworks */ = {isa = PBXBuildFile; fileRef = 259AD1E01DB21BFD003826FB /* CoreLocation.framework */; };
		259AD1E41DB2247D003826FB /* MapTitleView.swift in Sources */ = {isa = PBXBuildFile; fileRef = 259AD1E31DB2247D003826FB /* MapTitleView.swift */; };
		259AD1E61DB22CB3003826FB /* DateManager.swift in Sources */ = {isa = PBXBuildFile; fileRef = 259AD1E51DB22CB3003826FB /* DateManager.swift */; };
		259AD2051DB24F31003826FB /* libzbar.a in Frameworks */ = {isa = PBXBuildFile; fileRef = 259AD1FF1DB24F31003826FB /* libzbar.a */; };
		259AD2061DB24F31003826FB /* zbar-back.png in Resources */ = {isa = PBXBuildFile; fileRef = 259AD2011DB24F31003826FB /* zbar-back.png */; };
		259AD2071DB24F31003826FB /* zbar-help.html in Resources */ = {isa = PBXBuildFile; fileRef = 259AD2021DB24F31003826FB /* zbar-help.html */; };
		259AD2081DB24F31003826FB /* zbar-helpicons.png in Resources */ = {isa = PBXBuildFile; fileRef = 259AD2031DB24F31003826FB /* zbar-helpicons.png */; };
		259AD2091DB24F31003826FB /* zbar-samples.png in Resources */ = {isa = PBXBuildFile; fileRef = 259AD2041DB24F31003826FB /* zbar-samples.png */; };
		259AD20C1DB250C7003826FB /* ImageCaptureViewController.swift in Sources */ = {isa = PBXBuildFile; fileRef = 259AD20B1DB250C7003826FB /* ImageCaptureViewController.swift */; };
		259AD20E1DB254FE003826FB /* AVFoundation.framework in Frameworks */ = {isa = PBXBuildFile; fileRef = 259AD20D1DB254FE003826FB /* AVFoundation.framework */; };
		259AD2101DB2551D003826FB /* CoreMedia.framework in Frameworks */ = {isa = PBXBuildFile; fileRef = 259AD20F1DB2551D003826FB /* CoreMedia.framework */; };
		259AD2121DB255C6003826FB /* libiconv.2.dylib in Frameworks */ = {isa = PBXBuildFile; fileRef = 259AD2111DB255C6003826FB /* libiconv.2.dylib */; };
		259AD2141DB25614003826FB /* CoreVideo.framework in Frameworks */ = {isa = PBXBuildFile; fileRef = 259AD2131DB25614003826FB /* CoreVideo.framework */; };
		259AD2161DB2561F003826FB /* QuartzCore.framework in Frameworks */ = {isa = PBXBuildFile; fileRef = 259AD2151DB2561F003826FB /* QuartzCore.framework */; };
		259AD2181DB26D15003826FB /* BookInfo.swift in Sources */ = {isa = PBXBuildFile; fileRef = 259AD2171DB26D15003826FB /* BookInfo.swift */; };
		259AD21A1DB27AA4003826FB /* CurrencyLabel.swift in Sources */ = {isa = PBXBuildFile; fileRef = 259AD2191DB27AA4003826FB /* CurrencyLabel.swift */; };
		259AD21C1DB29F71003826FB /* MockDataManager.swift in Sources */ = {isa = PBXBuildFile; fileRef = 259AD21B1DB29F71003826FB /* MockDataManager.swift */; };
		259DC3BD1DB1F8E6005F36A2 /* RegisterPageViewController.swift in Sources */ = {isa = PBXBuildFile; fileRef = 259DC3BC1DB1F8E6005F36A2 /* RegisterPageViewController.swift */; };
		25BAC54C1DB1F2EA00801FBD /* SpecialTextField.swift in Sources */ = {isa = PBXBuildFile; fileRef = 25BAC54B1DB1F2EA00801FBD /* SpecialTextField.swift */; };
/* End PBXBuildFile section */

/* Begin PBXContainerItemProxy section */
		2589AD301DB1CA9D004482E7 /* PBXContainerItemProxy */ = {
			isa = PBXContainerItemProxy;
			containerPortal = 2589AD131DB1CA9C004482E7 /* Project object */;
			proxyType = 1;
			remoteGlobalIDString = 2589AD1A1DB1CA9C004482E7;
			remoteInfo = BookTrader;
		};
/* End PBXContainerItemProxy section */

/* Begin PBXFileReference section */
		2589AD1B1DB1CA9D004482E7 /* BookTrader.app */ = {isa = PBXFileReference; explicitFileType = wrapper.application; includeInIndex = 0; path = BookTrader.app; sourceTree = BUILT_PRODUCTS_DIR; };
		2589AD1E1DB1CA9D004482E7 /* AppDelegate.swift */ = {isa = PBXFileReference; lastKnownFileType = sourcecode.swift; path = AppDelegate.swift; sourceTree = "<group>"; };
		2589AD231DB1CA9D004482E7 /* Base */ = {isa = PBXFileReference; lastKnownFileType = file.storyboard; name = Base; path = Base.lproj/Main.storyboard; sourceTree = "<group>"; };
		2589AD251DB1CA9D004482E7 /* Assets.xcassets */ = {isa = PBXFileReference; lastKnownFileType = folder.assetcatalog; path = Assets.xcassets; sourceTree = "<group>"; };
		2589AD281DB1CA9D004482E7 /* Base */ = {isa = PBXFileReference; lastKnownFileType = file.storyboard; name = Base; path = Base.lproj/LaunchScreen.storyboard; sourceTree = "<group>"; };
		2589AD2A1DB1CA9D004482E7 /* Info.plist */ = {isa = PBXFileReference; lastKnownFileType = text.plist.xml; path = Info.plist; sourceTree = "<group>"; };
		2589AD2F1DB1CA9D004482E7 /* BookTraderUITests.xctest */ = {isa = PBXFileReference; explicitFileType = wrapper.cfbundle; includeInIndex = 0; path = BookTraderUITests.xctest; sourceTree = BUILT_PRODUCTS_DIR; };
		2589AD331DB1CA9D004482E7 /* BookTraderUITests.swift */ = {isa = PBXFileReference; lastKnownFileType = sourcecode.swift; path = BookTraderUITests.swift; sourceTree = "<group>"; };
		2589AD351DB1CA9D004482E7 /* Info.plist */ = {isa = PBXFileReference; lastKnownFileType = text.plist.xml; path = Info.plist; sourceTree = "<group>"; };
		2589AD3E1DB1CC6E004482E7 /* LandingPageViewController.swift */ = {isa = PBXFileReference; fileEncoding = 4; lastKnownFileType = sourcecode.swift; path = LandingPageViewController.swift; sourceTree = "<group>"; };
		2589AD411DB1DC98004482E7 /* HomePageViewController.swift */ = {isa = PBXFileReference; fileEncoding = 4; lastKnownFileType = sourcecode.swift; path = HomePageViewController.swift; sourceTree = "<group>"; };
		2589AD461DB1E69E004482E7 /* DataCommunicator.swift */ = {isa = PBXFileReference; fileEncoding = 4; lastKnownFileType = sourcecode.swift; path = DataCommunicator.swift; sourceTree = "<group>"; };
		2589AD481DB1E870004482E7 /* Helpers.swift */ = {isa = PBXFileReference; fileEncoding = 4; lastKnownFileType = sourcecode.swift; path = Helpers.swift; sourceTree = "<group>"; };
		2589AD4B1DB1E8CA004482E7 /* Globals.swift */ = {isa = PBXFileReference; fileEncoding = 4; lastKnownFileType = sourcecode.swift; path = Globals.swift; sourceTree = "<group>"; };
		2589AD4D1DB1EAC5004482E7 /* Colors.swift */ = {isa = PBXFileReference; fileEncoding = 4; lastKnownFileType = sourcecode.swift; path = Colors.swift; sourceTree = "<group>"; };
		259AD1DA1DB211F5003826FB /* UserInfo.swift */ = {isa = PBXFileReference; fileEncoding = 4; lastKnownFileType = sourcecode.swift; path = UserInfo.swift; sourceTree = "<group>"; };
		259AD1DC1DB217DC003826FB /* MapKit.framework */ = {isa = PBXFileReference; lastKnownFileType = wrapper.framework; name = MapKit.framework; path = System/Library/Frameworks/MapKit.framework; sourceTree = SDKROOT; };
		259AD1DE1DB217EE003826FB /* LocationManager.swift */ = {isa = PBXFileReference; fileEncoding = 4; lastKnownFileType = sourcecode.swift; path = LocationManager.swift; sourceTree = "<group>"; };
		259AD1E01DB21BFD003826FB /* CoreLocation.framework */ = {isa = PBXFileReference; lastKnownFileType = wrapper.framework; name = CoreLocation.framework; path = System/Library/Frameworks/CoreLocation.framework; sourceTree = SDKROOT; };
		259AD1E31DB2247D003826FB /* MapTitleView.swift */ = {isa = PBXFileReference; fileEncoding = 4; lastKnownFileType = sourcecode.swift; path = MapTitleView.swift; sourceTree = "<group>"; };
		259AD1E51DB22CB3003826FB /* DateManager.swift */ = {isa = PBXFileReference; fileEncoding = 4; lastKnownFileType = sourcecode.swift; path = DateManager.swift; sourceTree = "<group>"; };
		259AD1EB1DB24F31003826FB /* Decoder.h */ = {isa = PBXFileReference; fileEncoding = 4; lastKnownFileType = sourcecode.c.h; path = Decoder.h; sourceTree = "<group>"; };
		259AD1EC1DB24F31003826FB /* Exception.h */ = {isa = PBXFileReference; fileEncoding = 4; lastKnownFileType = sourcecode.c.h; path = Exception.h; sourceTree = "<group>"; };
		259AD1ED1DB24F31003826FB /* Image.h */ = {isa = PBXFileReference; fileEncoding = 4; lastKnownFileType = sourcecode.c.h; path = Image.h; sourceTree = "<group>"; };
		259AD1EE1DB24F31003826FB /* ImageScanner.h */ = {isa = PBXFileReference; fileEncoding = 4; lastKnownFileType = sourcecode.c.h; path = ImageScanner.h; sourceTree = "<group>"; };
		259AD1EF1DB24F31003826FB /* Processor.h */ = {isa = PBXFileReference; fileEncoding = 4; lastKnownFileType = sourcecode.c.h; path = Processor.h; sourceTree = "<group>"; };
		259AD1F01DB24F31003826FB /* Scanner.h */ = {isa = PBXFileReference; fileEncoding = 4; lastKnownFileType = sourcecode.c.h; path = Scanner.h; sourceTree = "<group>"; };
		259AD1F11DB24F31003826FB /* Symbol.h */ = {isa = PBXFileReference; fileEncoding = 4; lastKnownFileType = sourcecode.c.h; path = Symbol.h; sourceTree = "<group>"; };
		259AD1F21DB24F31003826FB /* Video.h */ = {isa = PBXFileReference; fileEncoding = 4; lastKnownFileType = sourcecode.c.h; path = Video.h; sourceTree = "<group>"; };
		259AD1F31DB24F31003826FB /* Window.h */ = {isa = PBXFileReference; fileEncoding = 4; lastKnownFileType = sourcecode.c.h; path = Window.h; sourceTree = "<group>"; };
		259AD1F41DB24F31003826FB /* zbar.h */ = {isa = PBXFileReference; fileEncoding = 4; lastKnownFileType = sourcecode.c.h; path = zbar.h; sourceTree = "<group>"; };
		259AD1F51DB24F31003826FB /* ZBarCameraSimulator.h */ = {isa = PBXFileReference; fileEncoding = 4; lastKnownFileType = sourcecode.c.h; path = ZBarCameraSimulator.h; sourceTree = "<group>"; };
		259AD1F61DB24F31003826FB /* ZBarCaptureReader.h */ = {isa = PBXFileReference; fileEncoding = 4; lastKnownFileType = sourcecode.c.h; path = ZBarCaptureReader.h; sourceTree = "<group>"; };
		259AD1F71DB24F31003826FB /* ZBarHelpController.h */ = {isa = PBXFileReference; fileEncoding = 4; lastKnownFileType = sourcecode.c.h; path = ZBarHelpController.h; sourceTree = "<group>"; };
		259AD1F81DB24F31003826FB /* ZBarImage.h */ = {isa = PBXFileReference; fileEncoding = 4; lastKnownFileType = sourcecode.c.h; path = ZBarImage.h; sourceTree = "<group>"; };
		259AD1F91DB24F31003826FB /* ZBarImageScanner.h */ = {isa = PBXFileReference; fileEncoding = 4; lastKnownFileType = sourcecode.c.h; path = ZBarImageScanner.h; sourceTree = "<group>"; };
		259AD1FA1DB24F31003826FB /* ZBarReaderController.h */ = {isa = PBXFileReference; fileEncoding = 4; lastKnownFileType = sourcecode.c.h; path = ZBarReaderController.h; sourceTree = "<group>"; };
		259AD1FB1DB24F31003826FB /* ZBarReaderView.h */ = {isa = PBXFileReference; fileEncoding = 4; lastKnownFileType = sourcecode.c.h; path = ZBarReaderView.h; sourceTree = "<group>"; };
		259AD1FC1DB24F31003826FB /* ZBarReaderViewController.h */ = {isa = PBXFileReference; fileEncoding = 4; lastKnownFileType = sourcecode.c.h; path = ZBarReaderViewController.h; sourceTree = "<group>"; };
		259AD1FD1DB24F31003826FB /* ZBarSDK.h */ = {isa = PBXFileReference; fileEncoding = 4; lastKnownFileType = sourcecode.c.h; path = ZBarSDK.h; sourceTree = "<group>"; };
		259AD1FE1DB24F31003826FB /* ZBarSymbol.h */ = {isa = PBXFileReference; fileEncoding = 4; lastKnownFileType = sourcecode.c.h; path = ZBarSymbol.h; sourceTree = "<group>"; };
		259AD1FF1DB24F31003826FB /* libzbar.a */ = {isa = PBXFileReference; lastKnownFileType = archive.ar; path = libzbar.a; sourceTree = "<group>"; };
		259AD2011DB24F31003826FB /* zbar-back.png */ = {isa = PBXFileReference; lastKnownFileType = image.png; path = "zbar-back.png"; sourceTree = "<group>"; };
		259AD2021DB24F31003826FB /* zbar-help.html */ = {isa = PBXFileReference; fileEncoding = 4; lastKnownFileType = text.html; path = "zbar-help.html"; sourceTree = "<group>"; };
		259AD2031DB24F31003826FB /* zbar-helpicons.png */ = {isa = PBXFileReference; lastKnownFileType = image.png; path = "zbar-helpicons.png"; sourceTree = "<group>"; };
		259AD2041DB24F31003826FB /* zbar-samples.png */ = {isa = PBXFileReference; lastKnownFileType = image.png; path = "zbar-samples.png"; sourceTree = "<group>"; };
		259AD20B1DB250C7003826FB /* ImageCaptureViewController.swift */ = {isa = PBXFileReference; fileEncoding = 4; lastKnownFileType = sourcecode.swift; path = ImageCaptureViewController.swift; sourceTree = "<group>"; };
		259AD20D1DB254FE003826FB /* AVFoundation.framework */ = {isa = PBXFileReference; lastKnownFileType = wrapper.framework; name = AVFoundation.framework; path = System/Library/Frameworks/AVFoundation.framework; sourceTree = SDKROOT; };
		259AD20F1DB2551D003826FB /* CoreMedia.framework */ = {isa = PBXFileReference; lastKnownFileType = wrapper.framework; name = CoreMedia.framework; path = System/Library/Frameworks/CoreMedia.framework; sourceTree = SDKROOT; };
		259AD2111DB255C6003826FB /* libiconv.2.dylib */ = {isa = PBXFileReference; lastKnownFileType = "compiled.mach-o.dylib"; name = libiconv.2.dylib; path = ../../../../../../../usr/lib/libiconv.2.dylib; sourceTree = "<group>"; };
		259AD2131DB25614003826FB /* CoreVideo.framework */ = {isa = PBXFileReference; lastKnownFileType = wrapper.framework; name = CoreVideo.framework; path = System/Library/Frameworks/CoreVideo.framework; sourceTree = SDKROOT; };
		259AD2151DB2561F003826FB /* QuartzCore.framework */ = {isa = PBXFileReference; lastKnownFileType = wrapper.framework; name = QuartzCore.framework; path = System/Library/Frameworks/QuartzCore.framework; sourceTree = SDKROOT; };
		259AD2171DB26D15003826FB /* BookInfo.swift */ = {isa = PBXFileReference; fileEncoding = 4; lastKnownFileType = sourcecode.swift; path = BookInfo.swift; sourceTree = "<group>"; };
		259AD2191DB27AA4003826FB /* CurrencyLabel.swift */ = {isa = PBXFileReference; fileEncoding = 4; lastKnownFileType = sourcecode.swift; path = CurrencyLabel.swift; sourceTree = "<group>"; };
		259AD21B1DB29F71003826FB /* MockDataManager.swift */ = {isa = PBXFileReference; fileEncoding = 4; lastKnownFileType = sourcecode.swift; path = MockDataManager.swift; sourceTree = "<group>"; };
		259DC3BC1DB1F8E6005F36A2 /* RegisterPageViewController.swift */ = {isa = PBXFileReference; fileEncoding = 4; lastKnownFileType = sourcecode.swift; path = RegisterPageViewController.swift; sourceTree = "<group>"; };
		25BAC54B1DB1F2EA00801FBD /* SpecialTextField.swift */ = {isa = PBXFileReference; fileEncoding = 4; lastKnownFileType = sourcecode.swift; path = SpecialTextField.swift; sourceTree = "<group>"; };
/* End PBXFileReference section */

/* Begin PBXFrameworksBuildPhase section */
		2589AD181DB1CA9C004482E7 /* Frameworks */ = {
			isa = PBXFrameworksBuildPhase;
			buildActionMask = 2147483647;
			files = (
				259AD2161DB2561F003826FB /* QuartzCore.framework in Frameworks */,
				259AD2141DB25614003826FB /* CoreVideo.framework in Frameworks */,
				259AD2121DB255C6003826FB /* libiconv.2.dylib in Frameworks */,
				259AD2101DB2551D003826FB /* CoreMedia.framework in Frameworks */,
				259AD20E1DB254FE003826FB /* AVFoundation.framework in Frameworks */,
				259AD1E11DB21BFD003826FB /* CoreLocation.framework in Frameworks */,
				259AD1DD1DB217DC003826FB /* MapKit.framework in Frameworks */,
				259AD2051DB24F31003826FB /* libzbar.a in Frameworks */,
			);
			runOnlyForDeploymentPostprocessing = 0;
		};
		2589AD2C1DB1CA9D004482E7 /* Frameworks */ = {
			isa = PBXFrameworksBuildPhase;
			buildActionMask = 2147483647;
			files = (
			);
			runOnlyForDeploymentPostprocessing = 0;
		};
/* End PBXFrameworksBuildPhase section */

/* Begin PBXGroup section */
		2589AD121DB1CA9C004482E7 = {
			isa = PBXGroup;
			children = (
				2589AD1D1DB1CA9D004482E7 /* BookTrader */,
				2589AD321DB1CA9D004482E7 /* BookTraderUITests */,
				2589AD1C1DB1CA9D004482E7 /* Products */,
				76BEBD53FF2FBE62E9F6DD95 /* Frameworks */,
			);
			sourceTree = "<group>";
		};
		2589AD1C1DB1CA9D004482E7 /* Products */ = {
			isa = PBXGroup;
			children = (
				2589AD1B1DB1CA9D004482E7 /* BookTrader.app */,
				2589AD2F1DB1CA9D004482E7 /* BookTraderUITests.xctest */,
			);
			name = Products;
			sourceTree = "<group>";
		};
		2589AD1D1DB1CA9D004482E7 /* BookTrader */ = {
			isa = PBXGroup;
			children = (
				259AD1E71DB24F31003826FB /* ZBarSDK */,
				259AD1E21DB22469003826FB /* Subclassed Views */,
				259AD1D91DB211DF003826FB /* Data Objects */,
				2589AD4A1DB1E8BF004482E7 /* Helpers */,
				2589AD451DB1E689004482E7 /* Singletons */,
				2589AD401DB1CC74004482E7 /* View Controllers */,
				2589AD1E1DB1CA9D004482E7 /* AppDelegate.swift */,
				2589AD221DB1CA9D004482E7 /* Main.storyboard */,
				2589AD251DB1CA9D004482E7 /* Assets.xcassets */,
				2589AD271DB1CA9D004482E7 /* LaunchScreen.storyboard */,
				2589AD2A1DB1CA9D004482E7 /* Info.plist */,
			);
			path = BookTrader;
			sourceTree = "<group>";
		};
		2589AD321DB1CA9D004482E7 /* BookTraderUITests */ = {
			isa = PBXGroup;
			children = (
				2589AD331DB1CA9D004482E7 /* BookTraderUITests.swift */,
				2589AD351DB1CA9D004482E7 /* Info.plist */,
			);
			path = BookTraderUITests;
			sourceTree = "<group>";
		};
		2589AD401DB1CC74004482E7 /* View Controllers */ = {
			isa = PBXGroup;
			children = (
				2589AD3E1DB1CC6E004482E7 /* LandingPageViewController.swift */,
				2589AD411DB1DC98004482E7 /* HomePageViewController.swift */,
				259DC3BC1DB1F8E6005F36A2 /* RegisterPageViewController.swift */,
				259AD20B1DB250C7003826FB /* ImageCaptureViewController.swift */,
			);
			name = "View Controllers";
			sourceTree = "<group>";
		};
		2589AD451DB1E689004482E7 /* Singletons */ = {
			isa = PBXGroup;
			children = (
				2589AD461DB1E69E004482E7 /* DataCommunicator.swift */,
				259AD1DE1DB217EE003826FB /* LocationManager.swift */,
				259AD1E51DB22CB3003826FB /* DateManager.swift */,
				259AD21B1DB29F71003826FB /* MockDataManager.swift */,
			);
			name = Singletons;
			sourceTree = "<group>";
		};
		2589AD4A1DB1E8BF004482E7 /* Helpers */ = {
			isa = PBXGroup;
			children = (
				2589AD481DB1E870004482E7 /* Helpers.swift */,
				2589AD4B1DB1E8CA004482E7 /* Globals.swift */,
				2589AD4D1DB1EAC5004482E7 /* Colors.swift */,
			);
			name = Helpers;
			sourceTree = "<group>";
		};
		259AD1D91DB211DF003826FB /* Data Objects */ = {
			isa = PBXGroup;
			children = (
				259AD1DA1DB211F5003826FB /* UserInfo.swift */,
				259AD2171DB26D15003826FB /* BookInfo.swift */,
			);
			name = "Data Objects";
			sourceTree = "<group>";
		};
		259AD1E21DB22469003826FB /* Subclassed Views */ = {
			isa = PBXGroup;
			children = (
				25BAC54B1DB1F2EA00801FBD /* SpecialTextField.swift */,
				259AD1E31DB2247D003826FB /* MapTitleView.swift */,
				259AD2191DB27AA4003826FB /* CurrencyLabel.swift */,
			);
			name = "Subclassed Views";
			sourceTree = "<group>";
		};
		259AD1E71DB24F31003826FB /* ZBarSDK */ = {
			isa = PBXGroup;
			children = (
				259AD1E81DB24F31003826FB /* Headers */,
				259AD1FF1DB24F31003826FB /* libzbar.a */,
				259AD2001DB24F31003826FB /* Resources */,
			);
			path = ZBarSDK;
			sourceTree = "<group>";
		};
		259AD1E81DB24F31003826FB /* Headers */ = {
			isa = PBXGroup;
			children = (
				259AD1E91DB24F31003826FB /* ZBarSDK */,
			);
			path = Headers;
			sourceTree = "<group>";
		};
		259AD1E91DB24F31003826FB /* ZBarSDK */ = {
			isa = PBXGroup;
			children = (
				259AD1EA1DB24F31003826FB /* zbar */,
				259AD1F41DB24F31003826FB /* zbar.h */,
				259AD1F51DB24F31003826FB /* ZBarCameraSimulator.h */,
				259AD1F61DB24F31003826FB /* ZBarCaptureReader.h */,
				259AD1F71DB24F31003826FB /* ZBarHelpController.h */,
				259AD1F81DB24F31003826FB /* ZBarImage.h */,
				259AD1F91DB24F31003826FB /* ZBarImageScanner.h */,
				259AD1FA1DB24F31003826FB /* ZBarReaderController.h */,
				259AD1FB1DB24F31003826FB /* ZBarReaderView.h */,
				259AD1FC1DB24F31003826FB /* ZBarReaderViewController.h */,
				259AD1FD1DB24F31003826FB /* ZBarSDK.h */,
				259AD1FE1DB24F31003826FB /* ZBarSymbol.h */,
			);
			path = ZBarSDK;
			sourceTree = "<group>";
		};
		259AD1EA1DB24F31003826FB /* zbar */ = {
			isa = PBXGroup;
			children = (
				259AD1EB1DB24F31003826FB /* Decoder.h */,
				259AD1EC1DB24F31003826FB /* Exception.h */,
				259AD1ED1DB24F31003826FB /* Image.h */,
				259AD1EE1DB24F31003826FB /* ImageScanner.h */,
				259AD1EF1DB24F31003826FB /* Processor.h */,
				259AD1F01DB24F31003826FB /* Scanner.h */,
				259AD1F11DB24F31003826FB /* Symbol.h */,
				259AD1F21DB24F31003826FB /* Video.h */,
				259AD1F31DB24F31003826FB /* Window.h */,
			);
			path = zbar;
			sourceTree = "<group>";
		};
		259AD2001DB24F31003826FB /* Resources */ = {
			isa = PBXGroup;
			children = (
				259AD2011DB24F31003826FB /* zbar-back.png */,
				259AD2021DB24F31003826FB /* zbar-help.html */,
				259AD2031DB24F31003826FB /* zbar-helpicons.png */,
				259AD2041DB24F31003826FB /* zbar-samples.png */,
			);
			path = Resources;
			sourceTree = "<group>";
		};
		76BEBD53FF2FBE62E9F6DD95 /* Frameworks */ = {
			isa = PBXGroup;
			children = (
				259AD2151DB2561F003826FB /* QuartzCore.framework */,
				259AD2131DB25614003826FB /* CoreVideo.framework */,
				259AD2111DB255C6003826FB /* libiconv.2.dylib */,
				259AD20F1DB2551D003826FB /* CoreMedia.framework */,
				259AD20D1DB254FE003826FB /* AVFoundation.framework */,
				259AD1E01DB21BFD003826FB /* CoreLocation.framework */,
				259AD1DC1DB217DC003826FB /* MapKit.framework */,
			);
			name = Frameworks;
			sourceTree = "<group>";
		};
/* End PBXGroup section */

/* Begin PBXNativeTarget section */
		2589AD1A1DB1CA9C004482E7 /* BookTrader */ = {
			isa = PBXNativeTarget;
			buildConfigurationList = 2589AD381DB1CA9D004482E7 /* Build configuration list for PBXNativeTarget "BookTrader" */;
			buildPhases = (
				2589AD171DB1CA9C004482E7 /* Sources */,
				2589AD181DB1CA9C004482E7 /* Frameworks */,
				2589AD191DB1CA9C004482E7 /* Resources */,
			);
			buildRules = (
			);
			dependencies = (
			);
			name = BookTrader;
			productName = BookTrader;
			productReference = 2589AD1B1DB1CA9D004482E7 /* BookTrader.app */;
			productType = "com.apple.product-type.application";
		};
		2589AD2E1DB1CA9D004482E7 /* BookTraderUITests */ = {
			isa = PBXNativeTarget;
			buildConfigurationList = 2589AD3B1DB1CA9D004482E7 /* Build configuration list for PBXNativeTarget "BookTraderUITests" */;
			buildPhases = (
				2589AD2B1DB1CA9D004482E7 /* Sources */,
				2589AD2C1DB1CA9D004482E7 /* Frameworks */,
				2589AD2D1DB1CA9D004482E7 /* Resources */,
			);
			buildRules = (
			);
			dependencies = (
				2589AD311DB1CA9D004482E7 /* PBXTargetDependency */,
			);
			name = BookTraderUITests;
			productName = BookTraderUITests;
			productReference = 2589AD2F1DB1CA9D004482E7 /* BookTraderUITests.xctest */;
			productType = "com.apple.product-type.bundle.ui-testing";
		};
/* End PBXNativeTarget section */

/* Begin PBXProject section */
		2589AD131DB1CA9C004482E7 /* Project object */ = {
			isa = PBXProject;
			attributes = {
				LastSwiftUpdateCheck = 0800;
				LastUpgradeCheck = 0800;
				ORGANIZATIONNAME = "Tony Forsythe";
				TargetAttributes = {
					2589AD1A1DB1CA9C004482E7 = {
						CreatedOnToolsVersion = 8.0;
						DevelopmentTeam = CB6W4HNRCM;
						LastSwiftMigration = 0800;
						ProvisioningStyle = Automatic;
					};
					2589AD2E1DB1CA9D004482E7 = {
						CreatedOnToolsVersion = 8.0;
						LastSwiftMigration = 0800;
						ProvisioningStyle = Automatic;
						TestTargetID = 2589AD1A1DB1CA9C004482E7;
					};
				};
			};
			buildConfigurationList = 2589AD161DB1CA9C004482E7 /* Build configuration list for PBXProject "BookTrader" */;
			compatibilityVersion = "Xcode 3.2";
			developmentRegion = English;
			hasScannedForEncodings = 0;
			knownRegions = (
				en,
				Base,
			);
			mainGroup = 2589AD121DB1CA9C004482E7;
			productRefGroup = 2589AD1C1DB1CA9D004482E7 /* Products */;
			projectDirPath = "";
			projectRoot = "";
			targets = (
				2589AD1A1DB1CA9C004482E7 /* BookTrader */,
				2589AD2E1DB1CA9D004482E7 /* BookTraderUITests */,
			);
		};
/* End PBXProject section */

/* Begin PBXResourcesBuildPhase section */
		2589AD191DB1CA9C004482E7 /* Resources */ = {
			isa = PBXResourcesBuildPhase;
			buildActionMask = 2147483647;
			files = (
				2589AD291DB1CA9D004482E7 /* LaunchScreen.storyboard in Resources */,
				259AD2071DB24F31003826FB /* zbar-help.html in Resources */,
				259AD2091DB24F31003826FB /* zbar-samples.png in Resources */,
				259AD2081DB24F31003826FB /* zbar-helpicons.png in Resources */,
				259AD2061DB24F31003826FB /* zbar-back.png in Resources */,
				2589AD261DB1CA9D004482E7 /* Assets.xcassets in Resources */,
				2589AD241DB1CA9D004482E7 /* Main.storyboard in Resources */,
			);
			runOnlyForDeploymentPostprocessing = 0;
		};
		2589AD2D1DB1CA9D004482E7 /* Resources */ = {
			isa = PBXResourcesBuildPhase;
			buildActionMask = 2147483647;
			files = (
			);
			runOnlyForDeploymentPostprocessing = 0;
		};
/* End PBXResourcesBuildPhase section */

/* Begin PBXSourcesBuildPhase section */
		2589AD171DB1CA9C004482E7 /* Sources */ = {
			isa = PBXSourcesBuildPhase;
			buildActionMask = 2147483647;
			files = (
				259AD2181DB26D15003826FB /* BookInfo.swift in Sources */,
				259AD1E41DB2247D003826FB /* MapTitleView.swift in Sources */,
				2589AD471DB1E69E004482E7 /* DataCommunicator.swift in Sources */,
				2589AD1F1DB1CA9D004482E7 /* AppDelegate.swift in Sources */,
				2589AD4C1DB1E8CA004482E7 /* Globals.swift in Sources */,
				259AD20C1DB250C7003826FB /* ImageCaptureViewController.swift in Sources */,
				259AD1DF1DB217EE003826FB /* LocationManager.swift in Sources */,
				259AD21C1DB29F71003826FB /* MockDataManager.swift in Sources */,
				25BAC54C1DB1F2EA00801FBD /* SpecialTextField.swift in Sources */,
				2589AD4E1DB1EAC5004482E7 /* Colors.swift in Sources */,
				259AD21A1DB27AA4003826FB /* CurrencyLabel.swift in Sources */,
				259DC3BD1DB1F8E6005F36A2 /* RegisterPageViewController.swift in Sources */,
				2589AD3F1DB1CC6E004482E7 /* LandingPageViewController.swift in Sources */,
				2589AD491DB1E870004482E7 /* Helpers.swift in Sources */,
				259AD1E61DB22CB3003826FB /* DateManager.swift in Sources */,
				259AD1DB1DB211F5003826FB /* UserInfo.swift in Sources */,
				2589AD421DB1DC98004482E7 /* HomePageViewController.swift in Sources */,
			);
			runOnlyForDeploymentPostprocessing = 0;
		};
		2589AD2B1DB1CA9D004482E7 /* Sources */ = {
			isa = PBXSourcesBuildPhase;
			buildActionMask = 2147483647;
			files = (
				2589AD341DB1CA9D004482E7 /* BookTraderUITests.swift in Sources */,
			);
			runOnlyForDeploymentPostprocessing = 0;
		};
/* End PBXSourcesBuildPhase section */

/* Begin PBXTargetDependency section */
		2589AD311DB1CA9D004482E7 /* PBXTargetDependency */ = {
			isa = PBXTargetDependency;
			target = 2589AD1A1DB1CA9C004482E7 /* BookTrader */;
			targetProxy = 2589AD301DB1CA9D004482E7 /* PBXContainerItemProxy */;
		};
/* End PBXTargetDependency section */

/* Begin PBXVariantGroup section */
		2589AD221DB1CA9D004482E7 /* Main.storyboard */ = {
			isa = PBXVariantGroup;
			children = (
				2589AD231DB1CA9D004482E7 /* Base */,
			);
			name = Main.storyboard;
			sourceTree = "<group>";
		};
		2589AD271DB1CA9D004482E7 /* LaunchScreen.storyboard */ = {
			isa = PBXVariantGroup;
			children = (
				2589AD281DB1CA9D004482E7 /* Base */,
			);
			name = LaunchScreen.storyboard;
			sourceTree = "<group>";
		};
/* End PBXVariantGroup section */

/* Begin XCBuildConfiguration section */
		2589AD361DB1CA9D004482E7 /* Debug */ = {
			isa = XCBuildConfiguration;
			buildSettings = {
				ALWAYS_SEARCH_USER_PATHS = NO;
				CLANG_ANALYZER_NONNULL = YES;
				CLANG_CXX_LANGUAGE_STANDARD = "gnu++0x";
				CLANG_CXX_LIBRARY = "libc++";
				CLANG_ENABLE_MODULES = YES;
				CLANG_ENABLE_OBJC_ARC = YES;
				CLANG_WARN_BOOL_CONVERSION = YES;
				CLANG_WARN_CONSTANT_CONVERSION = YES;
				CLANG_WARN_DIRECT_OBJC_ISA_USAGE = YES_ERROR;
				CLANG_WARN_DOCUMENTATION_COMMENTS = YES;
				CLANG_WARN_EMPTY_BODY = YES;
				CLANG_WARN_ENUM_CONVERSION = YES;
				CLANG_WARN_INFINITE_RECURSION = YES;
				CLANG_WARN_INT_CONVERSION = YES;
				CLANG_WARN_OBJC_ROOT_CLASS = YES_ERROR;
				CLANG_WARN_SUSPICIOUS_MOVES = YES;
				CLANG_WARN_UNREACHABLE_CODE = YES;
				CLANG_WARN__DUPLICATE_METHOD_MATCH = YES;
				"CODE_SIGN_IDENTITY[sdk=iphoneos*]" = "iPhone Developer";
				COPY_PHASE_STRIP = NO;
				DEBUG_INFORMATION_FORMAT = dwarf;
				ENABLE_BITCODE = NO;
				ENABLE_STRICT_OBJC_MSGSEND = YES;
				ENABLE_TESTABILITY = YES;
				GCC_C_LANGUAGE_STANDARD = gnu99;
				GCC_DYNAMIC_NO_PIC = NO;
				GCC_NO_COMMON_BLOCKS = YES;
				GCC_OPTIMIZATION_LEVEL = 0;
				GCC_PREPROCESSOR_DEFINITIONS = (
					"DEBUG=1",
					"$(inherited)",
				);
				GCC_WARN_64_TO_32_BIT_CONVERSION = YES;
				GCC_WARN_ABOUT_RETURN_TYPE = YES_ERROR;
				GCC_WARN_UNDECLARED_SELECTOR = YES;
				GCC_WARN_UNINITIALIZED_AUTOS = YES_AGGRESSIVE;
				GCC_WARN_UNUSED_FUNCTION = YES;
				GCC_WARN_UNUSED_VARIABLE = YES;
				IPHONEOS_DEPLOYMENT_TARGET = 10.0;
				MTL_ENABLE_DEBUG_INFO = YES;
				ONLY_ACTIVE_ARCH = YES;
				OTHER_LDFLAGS = (
					"-Objc",
					"-lz",
					"-lc++",
					"-liconv",
				);
				SDKROOT = iphoneos;
				SWIFT_ACTIVE_COMPILATION_CONDITIONS = DEBUG;
				SWIFT_OPTIMIZATION_LEVEL = "-Onone";
			};
			name = Debug;
		};
		2589AD371DB1CA9D004482E7 /* Release */ = {
			isa = XCBuildConfiguration;
			buildSettings = {
				ALWAYS_SEARCH_USER_PATHS = NO;
				CLANG_ANALYZER_NONNULL = YES;
				CLANG_CXX_LANGUAGE_STANDARD = "gnu++0x";
				CLANG_CXX_LIBRARY = "libc++";
				CLANG_ENABLE_MODULES = YES;
				CLANG_ENABLE_OBJC_ARC = YES;
				CLANG_WARN_BOOL_CONVERSION = YES;
				CLANG_WARN_CONSTANT_CONVERSION = YES;
				CLANG_WARN_DIRECT_OBJC_ISA_USAGE = YES_ERROR;
				CLANG_WARN_DOCUMENTATION_COMMENTS = YES;
				CLANG_WARN_EMPTY_BODY = YES;
				CLANG_WARN_ENUM_CONVERSION = YES;
				CLANG_WARN_INFINITE_RECURSION = YES;
				CLANG_WARN_INT_CONVERSION = YES;
				CLANG_WARN_OBJC_ROOT_CLASS = YES_ERROR;
				CLANG_WARN_SUSPICIOUS_MOVES = YES;
				CLANG_WARN_UNREACHABLE_CODE = YES;
				CLANG_WARN__DUPLICATE_METHOD_MATCH = YES;
				"CODE_SIGN_IDENTITY[sdk=iphoneos*]" = "iPhone Developer";
				COPY_PHASE_STRIP = NO;
				DEBUG_INFORMATION_FORMAT = "dwarf-with-dsym";
				ENABLE_BITCODE = NO;
				ENABLE_NS_ASSERTIONS = NO;
				ENABLE_STRICT_OBJC_MSGSEND = YES;
				GCC_C_LANGUAGE_STANDARD = gnu99;
				GCC_NO_COMMON_BLOCKS = YES;
				GCC_WARN_64_TO_32_BIT_CONVERSION = YES;
				GCC_WARN_ABOUT_RETURN_TYPE = YES_ERROR;
				GCC_WARN_UNDECLARED_SELECTOR = YES;
				GCC_WARN_UNINITIALIZED_AUTOS = YES_AGGRESSIVE;
				GCC_WARN_UNUSED_FUNCTION = YES;
				GCC_WARN_UNUSED_VARIABLE = YES;
				IPHONEOS_DEPLOYMENT_TARGET = 10.0;
				MTL_ENABLE_DEBUG_INFO = NO;
				OTHER_LDFLAGS = (
					"-Objc",
					"-lz",
					"-lc++",
					"-liconv",
				);
				SDKROOT = iphoneos;
				SWIFT_OPTIMIZATION_LEVEL = "-Owholemodule";
				VALIDATE_PRODUCT = YES;
			};
			name = Release;
		};
		2589AD391DB1CA9D004482E7 /* Debug */ = {
			isa = XCBuildConfiguration;
			buildSettings = {
				ASSETCATALOG_COMPILER_APPICON_NAME = AppIcon;
				DEVELOPMENT_TEAM = CB6W4HNRCM;
				ENABLE_BITCODE = NO;
				INFOPLIST_FILE = BookTrader/Info.plist;
				LD_RUNPATH_SEARCH_PATHS = "$(inherited) @executable_path/Frameworks";
				LIBRARY_SEARCH_PATHS = (
					"$(inherited)",
					"$(PROJECT_DIR)/BookTrader/ZBarSDK",
				);
				PRODUCT_BUNDLE_IDENTIFIER = tony.BookTrader;
				PRODUCT_NAME = "$(TARGET_NAME)";
				SWIFT_OBJC_BRIDGING_HEADER = "BookTrader-Bridging-Header.h";
				SWIFT_VERSION = 3.0;
			};
			name = Debug;
		};
		2589AD3A1DB1CA9D004482E7 /* Release */ = {
			isa = XCBuildConfiguration;
			buildSettings = {
				ASSETCATALOG_COMPILER_APPICON_NAME = AppIcon;
				DEVELOPMENT_TEAM = CB6W4HNRCM;
				ENABLE_BITCODE = NO;
				INFOPLIST_FILE = BookTrader/Info.plist;
				LD_RUNPATH_SEARCH_PATHS = "$(inherited) @executable_path/Frameworks";
				LIBRARY_SEARCH_PATHS = (
					"$(inherited)",
					"$(PROJECT_DIR)/BookTrader/ZBarSDK",
				);
				PRODUCT_BUNDLE_IDENTIFIER = tony.BookTrader;
				PRODUCT_NAME = "$(TARGET_NAME)";
				SWIFT_OBJC_BRIDGING_HEADER = "BookTrader-Bridging-Header.h";
				SWIFT_VERSION = 3.0;
			};
			name = Release;
		};
		2589AD3C1DB1CA9D004482E7 /* Debug */ = {
			isa = XCBuildConfiguration;
			buildSettings = {
				ALWAYS_EMBED_SWIFT_STANDARD_LIBRARIES = YES;
				INFOPLIST_FILE = BookTraderUITests/Info.plist;
				LD_RUNPATH_SEARCH_PATHS = "$(inherited) @executable_path/Frameworks @loader_path/Frameworks";
				PRODUCT_BUNDLE_IDENTIFIER = tony.BookTraderUITests;
				PRODUCT_NAME = "$(TARGET_NAME)";
				SWIFT_VERSION = 3.0;
				TEST_TARGET_NAME = BookTrader;
			};
			name = Debug;
		};
		2589AD3D1DB1CA9D004482E7 /* Release */ = {
			isa = XCBuildConfiguration;
			buildSettings = {
				ALWAYS_EMBED_SWIFT_STANDARD_LIBRARIES = YES;
				INFOPLIST_FILE = BookTraderUITests/Info.plist;
				LD_RUNPATH_SEARCH_PATHS = "$(inherited) @executable_path/Frameworks @loader_path/Frameworks";
				PRODUCT_BUNDLE_IDENTIFIER = tony.BookTraderUITests;
				PRODUCT_NAME = "$(TARGET_NAME)";
				SWIFT_VERSION = 3.0;
				TEST_TARGET_NAME = BookTrader;
			};
			name = Release;
		};
/* End XCBuildConfiguration section */

/* Begin XCConfigurationList section */
		2589AD161DB1CA9C004482E7 /* Build configuration list for PBXProject "BookTrader" */ = {
			isa = XCConfigurationList;
			buildConfigurations = (
				2589AD361DB1CA9D004482E7 /* Debug */,
				2589AD371DB1CA9D004482E7 /* Release */,
			);
			defaultConfigurationIsVisible = 0;
			defaultConfigurationName = Release;
		};
		2589AD381DB1CA9D004482E7 /* Build configuration list for PBXNativeTarget "BookTrader" */ = {
			isa = XCConfigurationList;
			buildConfigurations = (
				2589AD391DB1CA9D004482E7 /* Debug */,
				2589AD3A1DB1CA9D004482E7 /* Release */,
			);
			defaultConfigurationIsVisible = 0;
			defaultConfigurationName = Release;
		};
		2589AD3B1DB1CA9D004482E7 /* Build configuration list for PBXNativeTarget "BookTraderUITests" */ = {
			isa = XCConfigurationList;
			buildConfigurations = (
				2589AD3C1DB1CA9D004482E7 /* Debug */,
				2589AD3D1DB1CA9D004482E7 /* Release */,
			);
			defaultConfigurationIsVisible = 0;
			defaultConfigurationName = Release;
		};
/* End XCConfigurationList section */
	};
	rootObject = 2589AD131DB1CA9C004482E7 /* Project object */;
}
